
Microsoft Visual Studio Solution File, Format Version 12.00
# Visual Studio Version 16
VisualStudioVersion = 16.0.29806.167
MinimumVisualStudioVersion = 10.0.40219.1
Project("{9A19103F-16F7-4668-BE54-9A1E7A4F7556}") = "KursovayaServer", "KursovayaServer.csproj", "{C37B3D55-510F-4B9F-9AC4-4C3D8B4B66D9}"
EndProject
Project("{FAE04EC0-301F-11D3-BF4B-00C04F79EFBC}") = "ServerUtilities", "..\ServerUtilities\ServerUtilities.csproj", "{458A88DA-66E1-4EFA-B50D-0E7DB53D9529}"
EndProject
Project("{FAE04EC0-301F-11D3-BF4B-00C04F79EFBC}") = "Autodealers", "..\Autodealers\Autodealers.csproj", "{43242D52-F756-496F-8CD4-356C5F3362AA}"
EndProject
Global
	GlobalSection(SolutionConfigurationPlatforms) = preSolution
		Debug|Any CPU = Debug|Any CPU
		Release|Any CPU = Release|Any CPU
	EndGlobalSection
	GlobalSection(ProjectConfigurationPlatforms) = postSolution
		{C37B3D55-510F-4B9F-9AC4-4C3D8B4B66D9}.Debug|Any CPU.ActiveCfg = Debug|Any CPU
		{C37B3D55-510F-4B9F-9AC4-4C3D8B4B66D9}.Debug|Any CPU.Build.0 = Debug|Any CPU
		{C37B3D55-510F-4B9F-9AC4-4C3D8B4B66D9}.Release|Any CPU.ActiveCfg = Release|Any CPU
		{C37B3D55-510F-4B9F-9AC4-4C3D8B4B66D9}.Release|Any CPU.Build.0 = Release|Any CPU
		{458A88DA-66E1-4EFA-B50D-0E7DB53D9529}.Debug|Any CPU.ActiveCfg = Debug|Any CPU
		{458A88DA-66E1-4EFA-B50D-0E7DB53D9529}.Debug|Any CPU.Build.0 = Debug|Any CPU
		{458A88DA-66E1-4EFA-B50D-0E7DB53D9529}.Release|Any CPU.ActiveCfg = Release|Any CPU
		{458A88DA-66E1-4EFA-B50D-0E7DB53D9529}.Release|Any CPU.Build.0 = Release|Any CPU
		{43242D52-F756-496F-8CD4-356C5F3362AA}.Debug|Any CPU.ActiveCfg = Debug|Any CPU
		{43242D52-F756-496F-8CD4-356C5F3362AA}.Debug|Any CPU.Build.0 = Debug|Any CPU
		{43242D52-F756-496F-8CD4-356C5F3362AA}.Release|Any CPU.ActiveCfg = Release|Any CPU
		{43242D52-F756-496F-8CD4-356C5F3362AA}.Release|Any CPU.Build.0 = Release|Any CPU
	EndGlobalSection
	GlobalSection(SolutionProperties) = preSolution
		HideSolutionNode = FALSE
	EndGlobalSection
	GlobalSection(ExtensibilityGlobals) = postSolution
		SolutionGuid = {6D7EF71F-2133-4B1C-BE96-42B9517DB035}
	EndGlobalSection
EndGlobal
